
Microsoft Visual Studio Solution File, Format Version 12.00
# Visual Studio Version 16
VisualStudioVersion = 16.0.33423.256
MinimumVisualStudioVersion = 10.0.40219.1
Project("{FAE04EC0-301F-11D3-BF4B-00C04F79EFBC}") = "VoiceSupportt", "VoiceSupportt\VoiceSupportt.csproj", "{4EE02EEF-E518-46F1-86C2-1D1265DE0C9B}"
EndProject
Global
	GlobalSection(SolutionConfigurationPlatforms) = preSolution
		Debug|Any CPU = Debug|Any CPU
		Release|Any CPU = Release|Any CPU
	EndGlobalSection
	GlobalSection(ProjectConfigurationPlatforms) = postSolution
		{4EE02EEF-E518-46F1-86C2-1D1265DE0C9B}.Debug|Any CPU.ActiveCfg = Debug|Any CPU
		{4EE02EEF-E518-46F1-86C2-1D1265DE0C9B}.Debug|Any CPU.Build.0 = Debug|Any CPU
		{4EE02EEF-E518-46F1-86C2-1D1265DE0C9B}.Release|Any CPU.ActiveCfg = Release|Any CPU
		{4EE02EEF-E518-46F1-86C2-1D1265DE0C9B}.Release|Any CPU.Build.0 = Release|Any CPU
	EndGlobalSection
	GlobalSection(SolutionProperties) = preSolution
		HideSolutionNode = FALSE
	EndGlobalSection
	GlobalSection(ExtensibilityGlobals) = postSolution
		SolutionGuid = {A339F7F7-0CF4-45E8-B303-819402DB3CE0}
	EndGlobalSection
EndGlobal
